{
  "version": 4,
  "terraform_version": "1.9.7",
  "serial": 5,
  "lineage": "5c5a3f34-f485-52e3-569c-de1f59f35dc9",
  "outputs": {},
  "resources": [
    {
      "mode": "managed",
      "type": "proxmox_vm_qemu",
      "name": "k8s-1",
      "provider": "provider[\"registry.terraform.io/telmate/proxmox\"]",
      "instances": [
        {
          "index_key": 0,
          "status": "tainted",
          "schema_version": 0,
          "attributes": {
            "additional_wait": 0,
            "agent": 1,
            "args": null,
            "automatic_reboot": true,
            "balloon": 0,
            "bios": "seabios",
            "boot": "c",
            "bootdisk": null,
            "bridge": null,
            "ci_wait": null,
            "cicustom": null,
            "cipassword": null,
            "ciuser": null,
            "clone": "k8s-12",
            "clone_wait": 0,
            "cloudinit_cdrom_storage": null,
            "cores": 1,
            "cpu": "host",
            "default_ipv4_address": null,
            "define_connection_info": true,
            "desc": null,
            "disk": [],
            "disk_gb": null,
            "force_create": false,
            "force_recreate_on_change_of": null,
            "full_clone": true,
            "guest_agent_ready_timeout": 100,
            "hagroup": null,
            "hastate": null,
            "hotplug": "network,disk,usb",
            "id": "serverme/qemu/300",
            "ipconfig0": "ip=192.168.45.165/24,gw=192.168.45.1",
            "ipconfig1": null,
            "ipconfig2": null,
            "ipconfig3": null,
            "ipconfig4": null,
            "ipconfig5": null,
            "iso": null,
            "kvm": true,
            "mac": null,
            "memory": 512,
            "name": "k8s-11",
            "nameserver": "192.168.45.146",
            "network": [
              {
                "bridge": "vmbr2",
                "firewall": false,
                "link_down": false,
                "macaddr": "",
                "model": "virtio",
                "mtu": 0,
                "queues": 0,
                "rate": 0,
                "tag": -1
              }
            ],
            "nic": null,
            "numa": false,
            "onboot": false,
            "oncreate": true,
            "os_network_config": null,
            "os_type": "cloud-init",
            "pool": null,
            "preprovision": true,
            "pxe": null,
            "qemu_os": null,
            "reboot_required": null,
            "scsihw": null,
            "searchdomain": null,
            "serial": [],
            "sockets": 1,
            "ssh_forward_ip": null,
            "ssh_host": null,
            "ssh_port": null,
            "ssh_private_key": null,
            "ssh_user": null,
            "sshkeys": "  ssh-rsa AAAAB3NzaC1yc2EAAAADAQABAAACAQDGDcC5fuvxK1SovSlSUEMGLBQ2X9FNPPT+GdwKkRSQ5jQQbuzeoi+Q/b3Gc8USUmgdmmh/q7HSxWo7qRQM0R902yWdx86nud9upIkQV4nCb7bXgNozB4WIw95q94JMm8w04K4LJUsQmowRxsVneKeDEzGGTMpAkXGWkH1z8FokLPDP5Z1SuA7a8jj9MFW/8l4gPfLZCgU+tS+Xx1cLaaUP2OITerIPIVWPAfy9xrC6L0RafzE2Kaxg2XAmdfu6SlFWfFpKnh0vCbyX/druW32u9gJL/u3o5p40NDut236FQpbI+3ZSJzbIausS3Ia5R0ke3iQ9RGpfIAxuDKeyt+q8Ayr4e7SWOZRon7b9tPOTdQvz1GW363d/x+mBn0USwxTdNDnUGmzn/vwco/4cC/aPfBPhiO2P2Djhw4KXLr57tT0LBID54JrjIuWFyhp/8T9JVIh07beTCJybrAMm3JtkkPTpCFu9sO4CpMpG+f/MS5Bv7x6+38xqUPrOhWRZTRBfUD0/ZL8xIOrSqRjCWLY04At4MdGf7Mbnad3M6z0eM1j7/16+UDZ+cDyioNB5aKwO8kQ+cnj3gUefp6qO2HAE6Gy9TYTNiXb8SQCNxZW3zJZLGlnrAMVPPf4xujHSE5Ni7DyDWqPrBwFu3LW4Ecu7Agxp6GlscXQDJKOOTfnrcw== proxmox\n",
            "startup": null,
            "storage": null,
            "storage_type": null,
            "tablet": true,
            "tags": null,
            "target_node": "serverme",
            "timeouts": null,
            "unused_disk": null,
            "usb": [],
            "vcpus": 0,
            "vga": [],
            "vlan": -1,
            "vmid": 300
          },
          "sensitive_attributes": [
            [
              {
                "type": "get_attr",
                "value": "cipassword"
              }
            ],
            [
              {
                "type": "get_attr",
                "value": "sshkeys"
              }
            ],
            [
              {
                "type": "get_attr",
                "value": "ssh_private_key"
              }
            ]
          ],
          "private": "eyJlMmJmYjczMC1lY2FhLTExZTYtOGY4OC0zNDM2M2JjN2M0YzAiOnsiY3JlYXRlIjozMDAwMDAwMDAwMDAsImRlZmF1bHQiOjMwMDAwMDAwMDAwMCwiZGVsZXRlIjoxODAwMDAwMDAwMDAsInJlYWQiOjE4MDAwMDAwMDAwMCwidXBkYXRlIjoxODAwMDAwMDAwMDB9fQ=="
        }
      ]
    }
  ],
  "check_results": null
}
